// !$*UTF8*$!
{
	archiveVersion = 1;
	classes = {
	};
	objectVersion = 46;
	objects = {

/* Begin PBXBuildFile section */
		974B824B1BAF81B200A493F0 /* AppDelegate.swift in Sources */ = {isa = PBXBuildFile; fileRef = 974B824A1BAF81B200A493F0 /* AppDelegate.swift */; };
		974B824D1BAF81B200A493F0 /* GameScene.sks in Resources */ = {isa = PBXBuildFile; fileRef = 974B824C1BAF81B200A493F0 /* GameScene.sks */; };
		974B824F1BAF81B200A493F0 /* GameScene.swift in Sources */ = {isa = PBXBuildFile; fileRef = 974B824E1BAF81B200A493F0 /* GameScene.swift */; };
		974B82511BAF81B200A493F0 /* GameViewController.swift in Sources */ = {isa = PBXBuildFile; fileRef = 974B82501BAF81B200A493F0 /* GameViewController.swift */; };
		974B82541BAF81B200A493F0 /* Main.storyboard in Resources */ = {isa = PBXBuildFile; fileRef = 974B82521BAF81B200A493F0 /* Main.storyboard */; };
		974B82561BAF81B200A493F0 /* Images.xcassets in Resources */ = {isa = PBXBuildFile; fileRef = 974B82551BAF81B200A493F0 /* Images.xcassets */; };
		974B82591BAF81B200A493F0 /* LaunchScreen.xib in Resources */ = {isa = PBXBuildFile; fileRef = 974B82571BAF81B200A493F0 /* LaunchScreen.xib */; };
		974B82651BAF81B200A493F0 /* YourVitualPetTests.swift in Sources */ = {isa = PBXBuildFile; fileRef = 974B82641BAF81B200A493F0 /* YourVitualPetTests.swift */; };
/* End PBXBuildFile section */

/* Begin PBXContainerItemProxy section */
		974B825F1BAF81B200A493F0 /* PBXContainerItemProxy */ = {
			isa = PBXContainerItemProxy;
			containerPortal = 974B823D1BAF81B200A493F0 /* Project object */;
			proxyType = 1;
			remoteGlobalIDString = 974B82441BAF81B200A493F0;
			remoteInfo = YourVitualPet;
		};
/* End PBXContainerItemProxy section */

/* Begin PBXFileReference section */
		974B82451BAF81B200A493F0 /* YourVitualPet.app */ = {isa = PBXFileReference; explicitFileType = wrapper.application; includeInIndex = 0; path = YourVitualPet.app; sourceTree = BUILT_PRODUCTS_DIR; };
		974B82491BAF81B200A493F0 /* Info.plist */ = {isa = PBXFileReference; lastKnownFileType = text.plist.xml; path = Info.plist; sourceTree = "<group>"; };
		974B824A1BAF81B200A493F0 /* AppDelegate.swift */ = {isa = PBXFileReference; lastKnownFileType = sourcecode.swift; path = AppDelegate.swift; sourceTree = "<group>"; };
		974B824C1BAF81B200A493F0 /* GameScene.sks */ = {isa = PBXFileReference; lastKnownFileType = file.sks; path = GameScene.sks; sourceTree = "<group>"; };
		974B824E1BAF81B200A493F0 /* GameScene.swift */ = {isa = PBXFileReference; lastKnownFileType = sourcecode.swift; path = GameScene.swift; sourceTree = "<group>"; };
		974B82501BAF81B200A493F0 /* GameViewController.swift */ = {isa = PBXFileReference; lastKnownFileType = sourcecode.swift; path = GameViewController.swift; sourceTree = "<group>"; };
		974B82531BAF81B200A493F0 /* Base */ = {isa = PBXFileReference; lastKnownFileType = file.storyboard; name = Base; path = Base.lproj/Main.storyboard; sourceTree = "<group>"; };
		974B82551BAF81B200A493F0 /* Images.xcassets */ = {isa = PBXFileReference; lastKnownFileType = folder.assetcatalog; path = Images.xcassets; sourceTree = "<group>"; };
		974B82581BAF81B200A493F0 /* Base */ = {isa = PBXFileReference; lastKnownFileType = file.xib; name = Base; path = Base.lproj/LaunchScreen.xib; sourceTree = "<group>"; };
		974B825E1BAF81B200A493F0 /* YourVitualPetTests.xctest */ = {isa = PBXFileReference; explicitFileType = wrapper.cfbundle; includeInIndex = 0; path = YourVitualPetTests.xctest; sourceTree = BUILT_PRODUCTS_DIR; };
		974B82631BAF81B200A493F0 /* Info.plist */ = {isa = PBXFileReference; lastKnownFileType = text.plist.xml; path = Info.plist; sourceTree = "<group>"; };
		974B82641BAF81B200A493F0 /* YourVitualPetTests.swift */ = {isa = PBXFileReference; lastKnownFileType = sourcecode.swift; path = YourVitualPetTests.swift; sourceTree = "<group>"; };
/* End PBXFileReference section */

/* Begin PBXFrameworksBuildPhase section */
		974B82421BAF81B200A493F0 /* Frameworks */ = {
			isa = PBXFrameworksBuildPhase;
			buildActionMask = 2147483647;
			files = (
			);
			runOnlyForDeploymentPostprocessing = 0;
		};
		974B825B1BAF81B200A493F0 /* Frameworks */ = {
			isa = PBXFrameworksBuildPhase;
			buildActionMask = 2147483647;
			files = (
			);
			runOnlyForDeploymentPostprocessing = 0;
		};
/* End PBXFrameworksBuildPhase section */

/* Begin PBXGroup section */
		974B823C1BAF81B200A493F0 = {
			isa = PBXGroup;
			children = (
				974B82471BAF81B200A493F0 /* YourVitualPet */,
				974B82611BAF81B200A493F0 /* YourVitualPetTests */,
				974B82461BAF81B200A493F0 /* Products */,
			);
			sourceTree = "<group>";
		};
		974B82461BAF81B200A493F0 /* Products */ = {
			isa = PBXGroup;
			children = (
				974B82451BAF81B200A493F0 /* YourVitualPet.app */,
				974B825E1BAF81B200A493F0 /* YourVitualPetTests.xctest */,
			);
			name = Products;
			sourceTree = "<group>";
		};
		974B82471BAF81B200A493F0 /* YourVitualPet */ = {
			isa = PBXGroup;
			children = (
				974B824A1BAF81B200A493F0 /* AppDelegate.swift */,
				974B824C1BAF81B200A493F0 /* GameScene.sks */,
				974B824E1BAF81B200A493F0 /* GameScene.swift */,
				974B82501BAF81B200A493F0 /* GameViewController.swift */,
				974B82521BAF81B200A493F0 /* Main.storyboard */,
				974B82551BAF81B200A493F0 /* Images.xcassets */,
				974B82571BAF81B200A493F0 /* LaunchScreen.xib */,
				974B82481BAF81B200A493F0 /* Supporting Files */,
			);
			path = YourVitualPet;
			sourceTree = "<group>";
		};
		974B82481BAF81B200A493F0 /* Supporting Files */ = {
			isa = PBXGroup;
			children = (
				974B82491BAF81B200A493F0 /* Info.plist */,
			);
			name = "Supporting Files";
			sourceTree = "<group>";
		};
		974B82611BAF81B200A493F0 /* YourVitualPetTests */ = {
			isa = PBXGroup;
			children = (
				974B82641BAF81B200A493F0 /* YourVitualPetTests.swift */,
				974B82621BAF81B200A493F0 /* Supporting Files */,
			);
			path = YourVitualPetTests;
			sourceTree = "<group>";
		};
		974B82621BAF81B200A493F0 /* Supporting Files */ = {
			isa = PBXGroup;
			children = (
				974B82631BAF81B200A493F0 /* Info.plist */,
			);
			name = "Supporting Files";
			sourceTree = "<group>";
		};
/* End PBXGroup section */

/* Begin PBXNativeTarget section */
		974B82441BAF81B200A493F0 /* YourVitualPet */ = {
			isa = PBXNativeTarget;
			buildConfigurationList = 974B82681BAF81B200A493F0 /* Build configuration list for PBXNativeTarget "YourVitualPet" */;
			buildPhases = (
				974B82411BAF81B200A493F0 /* Sources */,
				974B82421BAF81B200A493F0 /* Frameworks */,
				974B82431BAF81B200A493F0 /* Resources */,
			);
			buildRules = (
			);
			dependencies = (
			);
			name = YourVitualPet;
			productName = YourVitualPet;
			productReference = 974B82451BAF81B200A493F0 /* YourVitualPet.app */;
			productType = "com.apple.product-type.application";
		};
		974B825D1BAF81B200A493F0 /* YourVitualPetTests */ = {
			isa = PBXNativeTarget;
			buildConfigurationList = 974B826B1BAF81B200A493F0 /* Build configuration list for PBXNativeTarget "YourVitualPetTests" */;
			buildPhases = (
				974B825A1BAF81B200A493F0 /* Sources */,
				974B825B1BAF81B200A493F0 /* Frameworks */,
				974B825C1BAF81B200A493F0 /* Resources */,
			);
			buildRules = (
			);
			dependencies = (
				974B82601BAF81B200A493F0 /* PBXTargetDependency */,
			);
			name = YourVitualPetTests;
			productName = YourVitualPetTests;
			productReference = 974B825E1BAF81B200A493F0 /* YourVitualPetTests.xctest */;
			productType = "com.apple.product-type.bundle.unit-test";
		};
/* End PBXNativeTarget section */

/* Begin PBXProject section */
		974B823D1BAF81B200A493F0 /* Project object */ = {
			isa = PBXProject;
			attributes = {
				LastUpgradeCheck = 0610;
				ORGANIZATIONNAME = CM;
				TargetAttributes = {
					974B82441BAF81B200A493F0 = {
						CreatedOnToolsVersion = 6.1.1;
					};
					974B825D1BAF81B200A493F0 = {
						CreatedOnToolsVersion = 6.1.1;
						TestTargetID = 974B82441BAF81B200A493F0;
					};
				};
			};
			buildConfigurationList = 974B82401BAF81B200A493F0 /* Build configuration list for PBXProject "YourVitualPet" */;
			compatibilityVersion = "Xcode 3.2";
			developmentRegion = English;
			hasScannedForEncodings = 0;
			knownRegions = (
				en,
				Base,
			);
			mainGroup = 974B823C1BAF81B200A493F0;
			productRefGroup = 974B82461BAF81B200A493F0 /* Products */;
			projectDirPath = "";
			projectRoot = "";
			targets = (
				974B82441BAF81B200A493F0 /* YourVitualPet */,
				974B825D1BAF81B200A493F0 /* YourVitualPetTests */,
			);
		};
/* End PBXProject section */

/* Begin PBXResourcesBuildPhase section */
		974B82431BAF81B200A493F0 /* Resources */ = {
			isa = PBXResourcesBuildPhase;
			buildActionMask = 2147483647;
			files = (
				974B82591BAF81B200A493F0 /* LaunchScreen.xib in Resources */,
				974B82561BAF81B200A493F0 /* Images.xcassets in Resources */,
				974B824D1BAF81B200A493F0 /* GameScene.sks in Resources */,
				974B82541BAF81B200A493F0 /* Main.storyboard in Resources */,
			);
			runOnlyForDeploymentPostprocessing = 0;
		};
		974B825C1BAF81B200A493F0 /* Resources */ = {
			isa = PBXResourcesBuildPhase;
			buildActionMask = 2147483647;
			files = (
			);
			runOnlyForDeploymentPostprocessing = 0;
		};
/* End PBXResourcesBuildPhase section */

/* Begin PBXSourcesBuildPhase section */
		974B82411BAF81B200A493F0 /* Sources */ = {
			isa = PBXSourcesBuildPhase;
			buildActionMask = 2147483647;
			files = (
				974B824F1BAF81B200A493F0 /* GameScene.swift in Sources */,
				974B82511BAF81B200A493F0 /* GameViewController.swift in Sources */,
				974B824B1BAF81B200A493F0 /* AppDelegate.swift in Sources */,
			);
			runOnlyForDeploymentPostprocessing = 0;
		};
		974B825A1BAF81B200A493F0 /* Sources */ = {
			isa = PBXSourcesBuildPhase;
			buildActionMask = 2147483647;
			files = (
				974B82651BAF81B200A493F0 /* YourVitualPetTests.swift in Sources */,
			);
			runOnlyForDeploymentPostprocessing = 0;
		};
/* End PBXSourcesBuildPhase section */

/* Begin PBXTargetDependency section */
		974B82601BAF81B200A493F0 /* PBXTargetDependency */ = {
			isa = PBXTargetDependency;
			target = 974B82441BAF81B200A493F0 /* YourVitualPet */;
			targetProxy = 974B825F1BAF81B200A493F0 /* PBXContainerItemProxy */;
		};
/* End PBXTargetDependency section */

/* Begin PBXVariantGroup section */
		974B82521BAF81B200A493F0 /* Main.storyboard */ = {
			isa = PBXVariantGroup;
			children = (
				974B82531BAF81B200A493F0 /* Base */,
			);
			name = Main.storyboard;
			sourceTree = "<group>";
		};
		974B82571BAF81B200A493F0 /* LaunchScreen.xib */ = {
			isa = PBXVariantGroup;
			children = (
				974B82581BAF81B200A493F0 /* Base */,
			);
			name = LaunchScreen.xib;
			sourceTree = "<group>";
		};
/* End PBXVariantGroup section */

/* Begin XCBuildConfiguration section */
		974B82661BAF81B200A493F0 /* Debug */ = {
			isa = XCBuildConfiguration;
			buildSettings = {
				ALWAYS_SEARCH_USER_PATHS = NO;
				CLANG_CXX_LANGUAGE_STANDARD = "gnu++0x";
				CLANG_CXX_LIBRARY = "libc++";
				CLANG_ENABLE_MODULES = YES;
				CLANG_ENABLE_OBJC_ARC = YES;
				CLANG_WARN_BOOL_CONVERSION = YES;
				CLANG_WARN_CONSTANT_CONVERSION = YES;
				CLANG_WARN_DIRECT_OBJC_ISA_USAGE = YES_ERROR;
				CLANG_WARN_EMPTY_BODY = YES;
				CLANG_WARN_ENUM_CONVERSION = YES;
				CLANG_WARN_INT_CONVERSION = YES;
				CLANG_WARN_OBJC_ROOT_CLASS = YES_ERROR;
				CLANG_WARN_UNREACHABLE_CODE = YES;
				CLANG_WARN__DUPLICATE_METHOD_MATCH = YES;
				"CODE_SIGN_IDENTITY[sdk=iphoneos*]" = "iPhone Developer";
				COPY_PHASE_STRIP = NO;
				ENABLE_STRICT_OBJC_MSGSEND = YES;
				GCC_C_LANGUAGE_STANDARD = gnu99;
				GCC_DYNAMIC_NO_PIC = NO;
				GCC_OPTIMIZATION_LEVEL = 0;
				GCC_PREPROCESSOR_DEFINITIONS = (
					"DEBUG=1",
					"$(inherited)",
				);
				GCC_SYMBOLS_PRIVATE_EXTERN = NO;
				GCC_WARN_64_TO_32_BIT_CONVERSION = YES;
				GCC_WARN_ABOUT_RETURN_TYPE = YES_ERROR;
				GCC_WARN_UNDECLARED_SELECTOR = YES;
				GCC_WARN_UNINITIALIZED_AUTOS = YES_AGGRESSIVE;
				GCC_WARN_UNUSED_FUNCTION = YES;
				GCC_WARN_UNUSED_VARIABLE = YES;
				IPHONEOS_DEPLOYMENT_TARGET = 8.1;
				MTL_ENABLE_DEBUG_INFO = YES;
				ONLY_ACTIVE_ARCH = YES;
				SDKROOT = iphoneos;
				SWIFT_OPTIMIZATION_LEVEL = "-Onone";
				TARGETED_DEVICE_FAMILY = "1,2";
			};
			name = Debug;
		};
		974B82671BAF81B200A493F0 /* Release */ = {
			isa = XCBuildConfiguration;
			buildSettings = {
				ALWAYS_SEARCH_USER_PATHS = NO;
				CLANG_CXX_LANGUAGE_STANDARD = "gnu++0x";
				CLANG_CXX_LIBRARY = "libc++";
				CLANG_ENABLE_MODULES = YES;
				CLANG_ENABLE_OBJC_ARC = YES;
				CLANG_WARN_BOOL_CONVERSION = YES;
				CLANG_WARN_CONSTANT_CONVERSION = YES;
				CLANG_WARN_DIRECT_OBJC_ISA_USAGE = YES_ERROR;
				CLANG_WARN_EMPTY_BODY = YES;
				CLANG_WARN_ENUM_CONVERSION = YES;
				CLANG_WARN_INT_CONVERSION = YES;
				CLANG_WARN_OBJC_ROOT_CLASS = YES_ERROR;
				CLANG_WARN_UNREACHABLE_CODE = YES;
				CLANG_WARN__DUPLICATE_METHOD_MATCH = YES;
				"CODE_SIGN_IDENTITY[sdk=iphoneos*]" = "iPhone Developer";
				COPY_PHASE_STRIP = YES;
				ENABLE_NS_ASSERTIONS = NO;
				ENABLE_STRICT_OBJC_MSGSEND = YES;
				GCC_C_LANGUAGE_STANDARD = gnu99;
				GCC_WARN_64_TO_32_BIT_CONVERSION = YES;
				GCC_WARN_ABOUT_RETURN_TYPE = YES_ERROR;
				GCC_WARN_UNDECLARED_SELECTOR = YES;
				GCC_WARN_UNINITIALIZED_AUTOS = YES_AGGRESSIVE;
				GCC_WARN_UNUSED_FUNCTION = YES;
				GCC_WARN_UNUSED_VARIABLE = YES;
				IPHONEOS_DEPLOYMENT_TARGET = 8.1;
				MTL_ENABLE_DEBUG_INFO = NO;
				SDKROOT = iphoneos;
				TARGETED_DEVICE_FAMILY = "1,2";
				VALIDATE_PRODUCT = YES;
			};
			name = Release;
		};
		974B82691BAF81B200A493F0 /* Debug */ = {
			isa = XCBuildConfiguration;
			buildSettings = {
				ASSETCATALOG_COMPILER_APPICON_NAME = AppIcon;
				INFOPLIST_FILE = YourVitualPet/Info.plist;
				LD_RUNPATH_SEARCH_PATHS = "$(inherited) @executable_path/Frameworks";
				PRODUCT_NAME = "$(TARGET_NAME)";
			};
			name = Debug;
		};
		974B826A1BAF81B200A493F0 /* Release */ = {
			isa = XCBuildConfiguration;
			buildSettings = {
				ASSETCATALOG_COMPILER_APPICON_NAME = AppIcon;
				INFOPLIST_FILE = YourVitualPet/Info.plist;
				LD_RUNPATH_SEARCH_PATHS = "$(inherited) @executable_path/Frameworks";
				PRODUCT_NAME = "$(TARGET_NAME)";
			};
			name = Release;
		};
		974B826C1BAF81B200A493F0 /* Debug */ = {
			isa = XCBuildConfiguration;
			buildSettings = {
				BUNDLE_LOADER = "$(TEST_HOST)";
				FRAMEWORK_SEARCH_PATHS = (
					"$(SDKROOT)/Developer/Library/Frameworks",
					"$(inherited)",
				);
				GCC_PREPROCESSOR_DEFINITIONS = (
					"DEBUG=1",
					"$(inherited)",
				);
				INFOPLIST_FILE = YourVitualPetTests/Info.plist;
				LD_RUNPATH_SEARCH_PATHS = "$(inherited) @executable_path/Frameworks @loader_path/Frameworks";
				PRODUCT_NAME = "$(TARGET_NAME)";
				TEST_HOST = "$(BUILT_PRODUCTS_DIR)/YourVitualPet.app/YourVitualPet";
			};
			name = Debug;
		};
		974B826D1BAF81B200A493F0 /* Release */ = {
			isa = XCBuildConfiguration;
			buildSettings = {
				BUNDLE_LOADER = "$(TEST_HOST)";
				FRAMEWORK_SEARCH_PATHS = (
					"$(SDKROOT)/Developer/Library/Frameworks",
					"$(inherited)",
				);
				INFOPLIST_FILE = YourVitualPetTests/Info.plist;
				LD_RUNPATH_SEARCH_PATHS = "$(inherited) @executable_path/Frameworks @loader_path/Frameworks";
				PRODUCT_NAME = "$(TARGET_NAME)";
				TEST_HOST = "$(BUILT_PRODUCTS_DIR)/YourVitualPet.app/YourVitualPet";
			};
			name = Release;
		};
/* End XCBuildConfiguration section */

/* Begin XCConfigurationList section */
		974B82401BAF81B200A493F0 /* Build configuration list for PBXProject "YourVitualPet" */ = {
			isa = XCConfigurationList;
			buildConfigurations = (
				974B82661BAF81B200A493F0 /* Debug */,
				974B82671BAF81B200A493F0 /* Release */,
			);
			defaultConfigurationIsVisible = 0;
			defaultConfigurationName = Release;
		};
		974B82681BAF81B200A493F0 /* Build configuration list for PBXNativeTarget "YourVitualPet" */ = {
			isa = XCConfigurationList;
			buildConfigurations = (
				974B82691BAF81B200A493F0 /* Debug */,
				974B826A1BAF81B200A493F0 /* Release */,
			);
			defaultConfigurationIsVisible = 0;
		};
		974B826B1BAF81B200A493F0 /* Build configuration list for PBXNativeTarget "YourVitualPetTests" */ = {
			isa = XCConfigurationList;
			buildConfigurations = (
				974B826C1BAF81B200A493F0 /* Debug */,
				974B826D1BAF81B200A493F0 /* Release */,
			);
			defaultConfigurationIsVisible = 0;
		};
/* End XCConfigurationList section */
	};
	rootObject = 974B823D1BAF81B200A493F0 /* Project object */;
}
